// !$*UTF8*$!
{
	archiveVersion = 1;
	classes = {
	};
	objectVersion = 46;
	objects = {

/* Begin PBXBuildFile section */
		0D2D2582149A788F00655F4F /* Cocoa.framework in Frameworks */ = {isa = PBXBuildFile; fileRef = 0D2D2581149A788F00655F4F /* Cocoa.framework */; };
		0D2D258C149A788F00655F4F /* InfoPlist.strings in Resources */ = {isa = PBXBuildFile; fileRef = 0D2D258A149A788F00655F4F /* InfoPlist.strings */; };
		0D2D258E149A788F00655F4F /* main.m in Sources */ = {isa = PBXBuildFile; fileRef = 0D2D258D149A788F00655F4F /* main.m */; };
		0D2D2592149A788F00655F4F /* Credits.rtf in Resources */ = {isa = PBXBuildFile; fileRef = 0D2D2590149A788F00655F4F /* Credits.rtf */; };
		0D2D2595149A788F00655F4F /* CocoaOpenGLAppDelegate.m in Sources */ = {isa = PBXBuildFile; fileRef = 0D2D2594149A788F00655F4F /* CocoaOpenGLAppDelegate.m */; };
		0D2D2598149A788F00655F4F /* MainMenu.xib in Resources */ = {isa = PBXBuildFile; fileRef = 0D2D2596149A788F00655F4F /* MainMenu.xib */; };
		0D2D259F149A78AA00655F4F /* OpenGL.framework in Frameworks */ = {isa = PBXBuildFile; fileRef = 0D2D259E149A78AA00655F4F /* OpenGL.framework */; };
		0D2D25A1149A7D6100655F4F /* scene.c in Sources */ = {isa = PBXBuildFile; fileRef = 0D2D25A0149A7D6100655F4F /* scene.c */; };
		0D2D25A3149A7E1F00655F4F /* shader.c in Sources */ = {isa = PBXBuildFile; fileRef = 0D2D25A2149A7E1F00655F4F /* shader.c */; };
		0D2D25A6149A7F5F00655F4F /* shader.fp in Resources */ = {isa = PBXBuildFile; fileRef = 0D2D25A4149A7F5F00655F4F /* shader.fp */; };
		0D2D25A7149A7F5F00655F4F /* shader.vp in Resources */ = {isa = PBXBuildFile; fileRef = 0D2D25A5149A7F5F00655F4F /* shader.vp */; };
		0D2D25AA149A83CF00655F4F /* MyNSOpenGLView.m in Sources */ = {isa = PBXBuildFile; fileRef = 0D2D25A9149A83CF00655F4F /* MyNSOpenGLView.m */; };
/* End PBXBuildFile section */

/* Begin PBXFileReference section */
		0D2D257D149A788F00655F4F /* CocoaOpenGL.app */ = {isa = PBXFileReference; explicitFileType = wrapper.application; includeInIndex = 0; path = CocoaOpenGL.app; sourceTree = BUILT_PRODUCTS_DIR; };
		0D2D2581149A788F00655F4F /* Cocoa.framework */ = {isa = PBXFileReference; lastKnownFileType = wrapper.framework; name = Cocoa.framework; path = System/Library/Frameworks/Cocoa.framework; sourceTree = SDKROOT; };
		0D2D2584149A788F00655F4F /* AppKit.framework */ = {isa = PBXFileReference; lastKnownFileType = wrapper.framework; name = AppKit.framework; path = System/Library/Frameworks/AppKit.framework; sourceTree = SDKROOT; };
		0D2D2585149A788F00655F4F /* CoreData.framework */ = {isa = PBXFileReference; lastKnownFileType = wrapper.framework; name = CoreData.framework; path = System/Library/Frameworks/CoreData.framework; sourceTree = SDKROOT; };
		0D2D2586149A788F00655F4F /* Foundation.framework */ = {isa = PBXFileReference; lastKnownFileType = wrapper.framework; name = Foundation.framework; path = System/Library/Frameworks/Foundation.framework; sourceTree = SDKROOT; };
		0D2D2589149A788F00655F4F /* CocoaOpenGL-Info.plist */ = {isa = PBXFileReference; lastKnownFileType = text.plist.xml; path = "CocoaOpenGL-Info.plist"; sourceTree = "<group>"; };
		0D2D258B149A788F00655F4F /* en */ = {isa = PBXFileReference; lastKnownFileType = text.plist.strings; name = en; path = en.lproj/InfoPlist.strings; sourceTree = "<group>"; };
		0D2D258D149A788F00655F4F /* main.m */ = {isa = PBXFileReference; lastKnownFileType = sourcecode.c.objc; path = main.m; sourceTree = "<group>"; };
		0D2D258F149A788F00655F4F /* CocoaOpenGL-Prefix.pch */ = {isa = PBXFileReference; lastKnownFileType = sourcecode.c.h; path = "CocoaOpenGL-Prefix.pch"; sourceTree = "<group>"; };
		0D2D2591149A788F00655F4F /* en */ = {isa = PBXFileReference; lastKnownFileType = text.rtf; name = en; path = en.lproj/Credits.rtf; sourceTree = "<group>"; };
		0D2D2593149A788F00655F4F /* CocoaOpenGLAppDelegate.h */ = {isa = PBXFileReference; lastKnownFileType = sourcecode.c.h; path = CocoaOpenGLAppDelegate.h; sourceTree = "<group>"; };
		0D2D2594149A788F00655F4F /* CocoaOpenGLAppDelegate.m */ = {isa = PBXFileReference; lastKnownFileType = sourcecode.c.objc; path = CocoaOpenGLAppDelegate.m; sourceTree = "<group>"; };
		0D2D2597149A788F00655F4F /* en */ = {isa = PBXFileReference; lastKnownFileType = file.xib; name = en; path = en.lproj/MainMenu.xib; sourceTree = "<group>"; };
		0D2D259E149A78AA00655F4F /* OpenGL.framework */ = {isa = PBXFileReference; lastKnownFileType = wrapper.framework; name = OpenGL.framework; path = System/Library/Frameworks/OpenGL.framework; sourceTree = SDKROOT; };
		0D2D25A0149A7D6100655F4F /* scene.c */ = {isa = PBXFileReference; fileEncoding = 4; lastKnownFileType = sourcecode.c.c; path = scene.c; sourceTree = "<group>"; };
		0D2D25A2149A7E1F00655F4F /* shader.c */ = {isa = PBXFileReference; fileEncoding = 4; lastKnownFileType = sourcecode.c.c; path = shader.c; sourceTree = "<group>"; };
		0D2D25A4149A7F5F00655F4F /* shader.fp */ = {isa = PBXFileReference; fileEncoding = 4; lastKnownFileType = text; path = shader.fp; sourceTree = "<group>"; };
		0D2D25A5149A7F5F00655F4F /* shader.vp */ = {isa = PBXFileReference; fileEncoding = 4; lastKnownFileType = text; path = shader.vp; sourceTree = "<group>"; };
		0D2D25A8149A83CF00655F4F /* MyNSOpenGLView.h */ = {isa = PBXFileReference; fileEncoding = 4; lastKnownFileType = sourcecode.c.h; path = MyNSOpenGLView.h; sourceTree = "<group>"; };
		0D2D25A9149A83CF00655F4F /* MyNSOpenGLView.m */ = {isa = PBXFileReference; fileEncoding = 4; lastKnownFileType = sourcecode.c.objc; path = MyNSOpenGLView.m; sourceTree = "<group>"; };
/* End PBXFileReference section */

/* Begin PBXFrameworksBuildPhase section */
		0D2D257A149A788F00655F4F /* Frameworks */ = {
			isa = PBXFrameworksBuildPhase;
			buildActionMask = 2147483647;
			files = (
				0D2D259F149A78AA00655F4F /* OpenGL.framework in Frameworks */,
				0D2D2582149A788F00655F4F /* Cocoa.framework in Frameworks */,
			);
			runOnlyForDeploymentPostprocessing = 0;
		};
/* End PBXFrameworksBuildPhase section */

/* Begin PBXGroup section */
		0D2D2572149A788F00655F4F = {
			isa = PBXGroup;
			children = (
				0D2D259E149A78AA00655F4F /* OpenGL.framework */,
				0D2D2587149A788F00655F4F /* CocoaOpenGL */,
				0D2D2580149A788F00655F4F /* Frameworks */,
				0D2D257E149A788F00655F4F /* Products */,
			);
			sourceTree = "<group>";
		};
		0D2D257E149A788F00655F4F /* Products */ = {
			isa = PBXGroup;
			children = (
				0D2D257D149A788F00655F4F /* CocoaOpenGL.app */,
			);
			name = Products;
			sourceTree = "<group>";
		};
		0D2D2580149A788F00655F4F /* Frameworks */ = {
			isa = PBXGroup;
			children = (
				0D2D2581149A788F00655F4F /* Cocoa.framework */,
				0D2D2583149A788F00655F4F /* Other Frameworks */,
			);
			name = Frameworks;
			sourceTree = "<group>";
		};
		0D2D2583149A788F00655F4F /* Other Frameworks */ = {
			isa = PBXGroup;
			children = (
				0D2D2584149A788F00655F4F /* AppKit.framework */,
				0D2D2585149A788F00655F4F /* CoreData.framework */,
				0D2D2586149A788F00655F4F /* Foundation.framework */,
			);
			name = "Other Frameworks";
			sourceTree = "<group>";
		};
		0D2D2587149A788F00655F4F /* CocoaOpenGL */ = {
			isa = PBXGroup;
			children = (
				0D2D2593149A788F00655F4F /* CocoaOpenGLAppDelegate.h */,
				0D2D2594149A788F00655F4F /* CocoaOpenGLAppDelegate.m */,
				0D2D2596149A788F00655F4F /* MainMenu.xib */,
				0D2D2588149A788F00655F4F /* Supporting Files */,
				0D2D25A8149A83CF00655F4F /* MyNSOpenGLView.h */,
				0D2D25A9149A83CF00655F4F /* MyNSOpenGLView.m */,
			);
			path = CocoaOpenGL;
			sourceTree = "<group>";
		};
		0D2D2588149A788F00655F4F /* Supporting Files */ = {
			isa = PBXGroup;
			children = (
				0D2D25A4149A7F5F00655F4F /* shader.fp */,
				0D2D25A5149A7F5F00655F4F /* shader.vp */,
				0D2D25A2149A7E1F00655F4F /* shader.c */,
				0D2D25A0149A7D6100655F4F /* scene.c */,
				0D2D2589149A788F00655F4F /* CocoaOpenGL-Info.plist */,
				0D2D258A149A788F00655F4F /* InfoPlist.strings */,
				0D2D258D149A788F00655F4F /* main.m */,
				0D2D258F149A788F00655F4F /* CocoaOpenGL-Prefix.pch */,
				0D2D2590149A788F00655F4F /* Credits.rtf */,
			);
			name = "Supporting Files";
			sourceTree = "<group>";
		};
/* End PBXGroup section */

/* Begin PBXNativeTarget section */
		0D2D257C149A788F00655F4F /* CocoaOpenGL */ = {
			isa = PBXNativeTarget;
			buildConfigurationList = 0D2D259B149A788F00655F4F /* Build configuration list for PBXNativeTarget "CocoaOpenGL" */;
			buildPhases = (
				0D2D2579149A788F00655F4F /* Sources */,
				0D2D257A149A788F00655F4F /* Frameworks */,
				0D2D257B149A788F00655F4F /* Resources */,
			);
			buildRules = (
			);
			dependencies = (
			);
			name = CocoaOpenGL;
			productName = CocoaOpenGL;
			productReference = 0D2D257D149A788F00655F4F /* CocoaOpenGL.app */;
			productType = "com.apple.product-type.application";
		};
/* End PBXNativeTarget section */

/* Begin PBXProject section */
		0D2D2574149A788F00655F4F /* Project object */ = {
			isa = PBXProject;
			buildConfigurationList = 0D2D2577149A788F00655F4F /* Build configuration list for PBXProject "CocoaOpenGL" */;
			compatibilityVersion = "Xcode 3.2";
			developmentRegion = English;
			hasScannedForEncodings = 0;
			knownRegions = (
				en,
			);
			mainGroup = 0D2D2572149A788F00655F4F;
			productRefGroup = 0D2D257E149A788F00655F4F /* Products */;
			projectDirPath = "";
			projectRoot = "";
			targets = (
				0D2D257C149A788F00655F4F /* CocoaOpenGL */,
			);
		};
/* End PBXProject section */

/* Begin PBXResourcesBuildPhase section */
		0D2D257B149A788F00655F4F /* Resources */ = {
			isa = PBXResourcesBuildPhase;
			buildActionMask = 2147483647;
			files = (
				0D2D258C149A788F00655F4F /* InfoPlist.strings in Resources */,
				0D2D2592149A788F00655F4F /* Credits.rtf in Resources */,
				0D2D2598149A788F00655F4F /* MainMenu.xib in Resources */,
				0D2D25A6149A7F5F00655F4F /* shader.fp in Resources */,
				0D2D25A7149A7F5F00655F4F /* shader.vp in Resources */,
			);
			runOnlyForDeploymentPostprocessing = 0;
		};
/* End PBXResourcesBuildPhase section */

/* Begin PBXSourcesBuildPhase section */
		0D2D2579149A788F00655F4F /* Sources */ = {
			isa = PBXSourcesBuildPhase;
			buildActionMask = 2147483647;
			files = (
				0D2D258E149A788F00655F4F /* main.m in Sources */,
				0D2D2595149A788F00655F4F /* CocoaOpenGLAppDelegate.m in Sources */,
				0D2D25A1149A7D6100655F4F /* scene.c in Sources */,
				0D2D25A3149A7E1F00655F4F /* shader.c in Sources */,
				0D2D25AA149A83CF00655F4F /* MyNSOpenGLView.m in Sources */,
			);
			runOnlyForDeploymentPostprocessing = 0;
		};
/* End PBXSourcesBuildPhase section */

/* Begin PBXVariantGroup section */
		0D2D258A149A788F00655F4F /* InfoPlist.strings */ = {
			isa = PBXVariantGroup;
			children = (
				0D2D258B149A788F00655F4F /* en */,
			);
			name = InfoPlist.strings;
			sourceTree = "<group>";
		};
		0D2D2590149A788F00655F4F /* Credits.rtf */ = {
			isa = PBXVariantGroup;
			children = (
				0D2D2591149A788F00655F4F /* en */,
			);
			name = Credits.rtf;
			sourceTree = "<group>";
		};
		0D2D2596149A788F00655F4F /* MainMenu.xib */ = {
			isa = PBXVariantGroup;
			children = (
				0D2D2597149A788F00655F4F /* en */,
			);
			name = MainMenu.xib;
			sourceTree = "<group>";
		};
/* End PBXVariantGroup section */

/* Begin XCBuildConfiguration section */
		0D2D2599149A788F00655F4F /* Debug */ = {
			isa = XCBuildConfiguration;
			buildSettings = {
				ALWAYS_SEARCH_USER_PATHS = NO;
				ARCHS = "$(ARCHS_STANDARD_64_BIT)";
				COPY_PHASE_STRIP = NO;
				GCC_C_LANGUAGE_STANDARD = gnu99;
				GCC_DYNAMIC_NO_PIC = NO;
				GCC_ENABLE_OBJC_EXCEPTIONS = YES;
				GCC_OPTIMIZATION_LEVEL = 0;
				GCC_PREPROCESSOR_DEFINITIONS = (
					"DEBUG=1",
					"$(inherited)",
				);
				GCC_SYMBOLS_PRIVATE_EXTERN = NO;
				GCC_VERSION = com.apple.compilers.llvm.clang.1_0;
				GCC_WARN_64_TO_32_BIT_CONVERSION = YES;
				GCC_WARN_ABOUT_MISSING_PROTOTYPES = YES;
				GCC_WARN_ABOUT_RETURN_TYPE = YES;
				GCC_WARN_UNUSED_VARIABLE = YES;
				MACOSX_DEPLOYMENT_TARGET = 10.7;
				ONLY_ACTIVE_ARCH = YES;
				SDKROOT = macosx;
			};
			name = Debug;
		};
		0D2D259A149A788F00655F4F /* Release */ = {
			isa = XCBuildConfiguration;
			buildSettings = {
				ALWAYS_SEARCH_USER_PATHS = NO;
				ARCHS = "$(ARCHS_STANDARD_64_BIT)";
				COPY_PHASE_STRIP = YES;
				DEBUG_INFORMATION_FORMAT = "dwarf-with-dsym";
				GCC_C_LANGUAGE_STANDARD = gnu99;
				GCC_ENABLE_OBJC_EXCEPTIONS = YES;
				GCC_VERSION = com.apple.compilers.llvm.clang.1_0;
				GCC_WARN_64_TO_32_BIT_CONVERSION = YES;
				GCC_WARN_ABOUT_MISSING_PROTOTYPES = YES;
				GCC_WARN_ABOUT_RETURN_TYPE = YES;
				GCC_WARN_UNUSED_VARIABLE = YES;
				MACOSX_DEPLOYMENT_TARGET = 10.7;
				SDKROOT = macosx;
			};
			name = Release;
		};
		0D2D259C149A788F00655F4F /* Debug */ = {
			isa = XCBuildConfiguration;
			buildSettings = {
				GCC_PRECOMPILE_PREFIX_HEADER = YES;
				GCC_PREFIX_HEADER = "CocoaOpenGL/CocoaOpenGL-Prefix.pch";
				INFOPLIST_FILE = "CocoaOpenGL/CocoaOpenGL-Info.plist";
				PRODUCT_NAME = "$(TARGET_NAME)";
				WRAPPER_EXTENSION = app;
			};
			name = Debug;
		};
		0D2D259D149A788F00655F4F /* Release */ = {
			isa = XCBuildConfiguration;
			buildSettings = {
				GCC_PRECOMPILE_PREFIX_HEADER = YES;
				GCC_PREFIX_HEADER = "CocoaOpenGL/CocoaOpenGL-Prefix.pch";
				INFOPLIST_FILE = "CocoaOpenGL/CocoaOpenGL-Info.plist";
				PRODUCT_NAME = "$(TARGET_NAME)";
				WRAPPER_EXTENSION = app;
			};
			name = Release;
		};
/* End XCBuildConfiguration section */

/* Begin XCConfigurationList section */
		0D2D2577149A788F00655F4F /* Build configuration list for PBXProject "CocoaOpenGL" */ = {
			isa = XCConfigurationList;
			buildConfigurations = (
				0D2D2599149A788F00655F4F /* Debug */,
				0D2D259A149A788F00655F4F /* Release */,
			);
			defaultConfigurationIsVisible = 0;
			defaultConfigurationName = Release;
		};
		0D2D259B149A788F00655F4F /* Build configuration list for PBXNativeTarget "CocoaOpenGL" */ = {
			isa = XCConfigurationList;
			buildConfigurations = (
				0D2D259C149A788F00655F4F /* Debug */,
				0D2D259D149A788F00655F4F /* Release */,
			);
			defaultConfigurationIsVisible = 0;
			defaultConfigurationName = Release;
		};
/* End XCConfigurationList section */
	};
	rootObject = 0D2D2574149A788F00655F4F /* Project object */;
}
